<?xml version="1.0" encoding="utf-8"?>
<Project ToolsVersion="4.0" xmlns="http://schemas.microsoft.com/developer/msbuild/2003">
  <ItemGroup>
    <ClCompile Include="..\..\src\CrossthePath\CameraMovement.cpp" />
    <ClCompile Include="..\..\src\CrossthePath\CTPMain.cpp" />
    <ClCompile Include="..\..\src\CrossthePath\GameManager.cpp" />
    <ClCompile Include="..\..\src\CrossthePath\Hito2MenuPausa.cpp" />
    <ClCompile Include="InstanciateEnemies.cpp" />
    <ClCompile Include="..\..\src\CrossthePath\CharacterMovement.cpp" />
    <ClCompile Include="..\..\src\CrossthePath\FinishLine.cpp" />
  </ItemGroup>
  <ItemGroup>
    <ClInclude Include="..\..\src\CrossthePath\CameraMovement.h" />
    <ClInclude Include="..\..\src\CrossthePath\CTPMain.h" />
    <ClInclude Include="..\..\src\CrossthePath\GameManager.h" />
    <ClInclude Include="..\..\src\CrossthePath\Hito2MenuPausa.h" />
    <ClInclude Include="InstanciateEnemies.h" />
    <ClInclude Include="..\..\src\CrossthePath\CharacterMovement.h" />
    <ClInclude Include="..\..\src\CrossthePath\FinishLine.h" />
  </ItemGroup>
</Project>