<?xml version="1.0" encoding="utf-8"?>
<Project ToolsVersion="4.0" xmlns="http://schemas.microsoft.com/developer/msbuild/2003">
  <ItemGroup>
    <ClCompile Include="..\..\src\CrossthePath\CameraMovement.cpp" />
    <ClCompile Include="..\..\src\CrossthePath\CTPMain.cpp" />
    <ClCompile Include="..\..\src\CrossthePath\GameManager.cpp" />
    <ClCompile Include="..\..\src\CrossthePath\CharacterMovement.cpp" />
    <ClCompile Include="..\..\src\CrossthePath\UIManager.cpp" />
    <ClCompile Include="..\..\src\CrossthePath\GameManagerController.cpp" />
    <ClCompile Include="..\..\src\CrossthePath\InstanciateEnemies.cpp" />
    <ClCompile Include="..\..\src\CrossthePath\MenuPausa.cpp" />
    <ClCompile Include="..\..\src\CrossthePath\MenuOpciones.cpp" />
    <ClCompile Include="..\..\src\CrossthePath\MainMenu.cpp" />
    <ClCompile Include="..\..\src\CrossthePath\WinMenu.cpp" />
    <ClCompile Include="..\..\src\CrossthePath\EnemyMovement.cpp" />
    <ClCompile Include="..\..\src\CrossthePath\CharacterDie.cpp" />
    <ClCompile Include="..\..\src\CrossthePath\SoundsController.cpp" />
    <ClCompile Include="..\..\src\CrossthePath\EasterEgg.cpp" />
    <ClCompile Include="..\..\src\CrossthePath\LoseMenu.cpp" />
    <ClCompile Include="..\..\src\CrossthePath\LimitLine.cpp" />
    <ClCompile Include="..\..\src\CrossthePath\EnemyActivator.cpp" />
    <ClCompile Include="..\..\src\CrossthePath\ReceiveInfoNet.cpp" />
    <ClCompile Include="..\..\src\CrossthePath\SendInfoNet.cpp" />
  </ItemGroup>
  <ItemGroup>
    <ClInclude Include="..\..\src\CrossthePath\CameraMovement.h" />
    <ClInclude Include="..\..\src\CrossthePath\CTPMain.h" />
    <ClInclude Include="..\..\src\CrossthePath\GameManager.h" />
    <ClInclude Include="..\..\src\CrossthePath\CharacterMovement.h" />
    <ClInclude Include="..\..\src\CrossthePath\UIManager.h" />
    <ClInclude Include="..\..\src\CrossthePath\GameManagerController.h" />
    <ClInclude Include="..\..\src\CrossthePath\InstanciateEnemies.h" />
    <ClInclude Include="..\..\src\CrossthePath\MenuPausa.h" />
    <ClInclude Include="..\..\src\CrossthePath\MenuOpciones.h" />
    <ClInclude Include="..\..\src\CrossthePath\MainMenu.h" />
    <ClInclude Include="..\..\src\CrossthePath\WinMenu.h" />
    <ClInclude Include="..\..\src\CrossthePath\EnemyMovement.h" />
    <ClInclude Include="..\..\src\CrossthePath\CharacterDie.h" />
    <ClInclude Include="..\..\src\CrossthePath\SoundsController.h" />
    <ClInclude Include="..\..\src\CrossthePath\EasterEgg.h" />
    <ClInclude Include="..\..\src\CrossthePath\LoseMenu.h" />
    <ClInclude Include="..\..\src\CrossthePath\LimitLine.h" />
    <ClInclude Include="..\..\src\CrossthePath\EnemyActivator.h" />
    <ClInclude Include="..\..\src\CrossthePath\SendInfoNet.h" />
    <ClInclude Include="..\..\src\CrossthePath\ReceiveInfoNet.h" />
  </ItemGroup>
</Project>